
Microsoft Visual Studio Solution File, Format Version 12.00
# Visual Studio 14
VisualStudioVersion = 14.0.25420.1
MinimumVisualStudioVersion = 10.0.40219.1
Project("{FAE04EC0-301F-11D3-BF4B-00C04F79EFBC}") = "Angular", "Angular\Angular.csproj", "{B5F75151-AC5D-4F94-B889-8BB2672D9CFC}"
EndProject
Project("{FAE04EC0-301F-11D3-BF4B-00C04F79EFBC}") = "nidaus", "nidaus\nidaus.csproj", "{BFC9AACA-6C09-45B9-AE40-4CB06A01A4FD}"
EndProject
Global
	GlobalSection(SolutionConfigurationPlatforms) = preSolution
		Debug|Any CPU = Debug|Any CPU
		Release|Any CPU = Release|Any CPU
	EndGlobalSection
	GlobalSection(ProjectConfigurationPlatforms) = postSolution
		{B5F75151-AC5D-4F94-B889-8BB2672D9CFC}.Debug|Any CPU.ActiveCfg = Debug|Any CPU
		{B5F75151-AC5D-4F94-B889-8BB2672D9CFC}.Debug|Any CPU.Build.0 = Debug|Any CPU
		{B5F75151-AC5D-4F94-B889-8BB2672D9CFC}.Release|Any CPU.ActiveCfg = Release|Any CPU
		{B5F75151-AC5D-4F94-B889-8BB2672D9CFC}.Release|Any CPU.Build.0 = Release|Any CPU
		{BFC9AACA-6C09-45B9-AE40-4CB06A01A4FD}.Debug|Any CPU.ActiveCfg = Debug|Any CPU
		{BFC9AACA-6C09-45B9-AE40-4CB06A01A4FD}.Debug|Any CPU.Build.0 = Debug|Any CPU
		{BFC9AACA-6C09-45B9-AE40-4CB06A01A4FD}.Release|Any CPU.ActiveCfg = Release|Any CPU
		{BFC9AACA-6C09-45B9-AE40-4CB06A01A4FD}.Release|Any CPU.Build.0 = Release|Any CPU
	EndGlobalSection
	GlobalSection(SolutionProperties) = preSolution
		HideSolutionNode = FALSE
	EndGlobalSection
EndGlobal
